
Microsoft Visual Studio Solution File, Format Version 12.00
# Visual Studio 15
VisualStudioVersion = 15.0.28307.852
MinimumVisualStudioVersion = 10.0.40219.1
Project("{D954291E-2A0B-460D-934E-DC6B0785DB48}") = "Shop", "Shop\Shop.shproj", "{89DE9ABD-D596-4F97-AF95-912FA51A9848}"
EndProject
Global
	GlobalSection(SharedMSBuildProjectFiles) = preSolution
		Shop\Shop.projitems*{89de9abd-d596-4f97-af95-912fa51a9848}*SharedItemsImports = 13
	EndGlobalSection
	GlobalSection(SolutionProperties) = preSolution
		HideSolutionNode = FALSE
	EndGlobalSection
	GlobalSection(ExtensibilityGlobals) = postSolution
		SolutionGuid = {65AB7732-DA85-4930-A05F-49D95F078ED6}
	EndGlobalSection
EndGlobal
